
Microsoft Visual Studio Solution File, Format Version 12.00
# Visual Studio Version 16
VisualStudioVersion = 16.0.30907.101
MinimumVisualStudioVersion = 10.0.40219.1
Project("{FAE04EC0-301F-11D3-BF4B-00C04F79EFBC}") = "RPG", "RPG\RPG.csproj", "{5668D565-943A-4631-B388-066F21998483}"
EndProject
Global
	GlobalSection(SolutionConfigurationPlatforms) = preSolution
		Debug|Any CPU = Debug|Any CPU
		Release|Any CPU = Release|Any CPU
	EndGlobalSection
	GlobalSection(ProjectConfigurationPlatforms) = postSolution
		{5668D565-943A-4631-B388-066F21998483}.Debug|Any CPU.ActiveCfg = Debug|Any CPU
		{5668D565-943A-4631-B388-066F21998483}.Debug|Any CPU.Build.0 = Debug|Any CPU
		{5668D565-943A-4631-B388-066F21998483}.Release|Any CPU.ActiveCfg = Release|Any CPU
		{5668D565-943A-4631-B388-066F21998483}.Release|Any CPU.Build.0 = Release|Any CPU
	EndGlobalSection
	GlobalSection(SolutionProperties) = preSolution
		HideSolutionNode = FALSE
	EndGlobalSection
	GlobalSection(ExtensibilityGlobals) = postSolution
		SolutionGuid = {2D129418-5109-4902-A1E1-9C4A394553B6}
	EndGlobalSection
EndGlobal
